
Microsoft Visual Studio Solution File, Format Version 12.00
# Visual Studio Version 17
VisualStudioVersion = 17.3.32929.385
MinimumVisualStudioVersion = 10.0.40219.1
Project("{FAE04EC0-301F-11D3-BF4B-00C04F79EFBC}") = "DotNet6WithGithubActions", "DotNet6WithGithubActions\DotNet6WithGithubActions.csproj", "{2F9EB4CC-9CBF-4921-93DD-405849D8D4BD}"
EndProject
Global
	GlobalSection(SolutionConfigurationPlatforms) = preSolution
		Debug|Any CPU = Debug|Any CPU
		Release|Any CPU = Release|Any CPU
	EndGlobalSection
	GlobalSection(ProjectConfigurationPlatforms) = postSolution
		{2F9EB4CC-9CBF-4921-93DD-405849D8D4BD}.Debug|Any CPU.ActiveCfg = Debug|Any CPU
		{2F9EB4CC-9CBF-4921-93DD-405849D8D4BD}.Debug|Any CPU.Build.0 = Debug|Any CPU
		{2F9EB4CC-9CBF-4921-93DD-405849D8D4BD}.Release|Any CPU.ActiveCfg = Release|Any CPU
		{2F9EB4CC-9CBF-4921-93DD-405849D8D4BD}.Release|Any CPU.Build.0 = Release|Any CPU
	EndGlobalSection
	GlobalSection(SolutionProperties) = preSolution
		HideSolutionNode = FALSE
	EndGlobalSection
	GlobalSection(ExtensibilityGlobals) = postSolution
		SolutionGuid = {DE39B037-B797-42EA-98B0-AE5BB7329767}
	EndGlobalSection
EndGlobal
